
Microsoft Visual Studio Solution File, Format Version 12.00
# Visual Studio 2013
VisualStudioVersion = 12.0.30723.0
MinimumVisualStudioVersion = 10.0.40219.1
Project("{FAE04EC0-301F-11D3-BF4B-00C04F79EFBC}") = "TimesheetXF", "TimesheetXF\TimesheetXF\TimesheetXF.csproj", "{7C9A750C-622C-47B0-B697-666B8BEF65B5}"
EndProject
Project("{FAE04EC0-301F-11D3-BF4B-00C04F79EFBC}") = "TimesheetXF.iOS", "TimesheetXF\TimesheetXF.iOS\TimesheetXF.iOS.csproj", "{C70CE4D0-91EE-419D-926C-D72BB3F7AA32}"
EndProject
Project("{FAE04EC0-301F-11D3-BF4B-00C04F79EFBC}") = "TimesheetXF.Android", "TimesheetXF\TimesheetXF.Android\TimesheetXF.Android.csproj", "{E29F382C-19C2-4549-A4C0-5B8A222C12D2}"
EndProject
Project("{FAE04EC0-301F-11D3-BF4B-00C04F79EFBC}") = "TimesheetXF.WinPhone", "TimesheetXF\TimesheetXF.WinPhone\TimesheetXF.WinPhone.csproj", "{2E8E8286-70E6-40D0-95D1-AE71A84D105D}"
EndProject
Global
	GlobalSection(SolutionConfigurationPlatforms) = preSolution
		Ad-Hoc|Any CPU = Ad-Hoc|Any CPU
		Ad-Hoc|ARM = Ad-Hoc|ARM
		Ad-Hoc|iPhone = Ad-Hoc|iPhone
		Ad-Hoc|iPhoneSimulator = Ad-Hoc|iPhoneSimulator
		Ad-Hoc|Mixed Platforms = Ad-Hoc|Mixed Platforms
		Ad-Hoc|x86 = Ad-Hoc|x86
		AppStore|Any CPU = AppStore|Any CPU
		AppStore|ARM = AppStore|ARM
		AppStore|iPhone = AppStore|iPhone
		AppStore|iPhoneSimulator = AppStore|iPhoneSimulator
		AppStore|Mixed Platforms = AppStore|Mixed Platforms
		AppStore|x86 = AppStore|x86
		Debug|Any CPU = Debug|Any CPU
		Debug|ARM = Debug|ARM
		Debug|iPhone = Debug|iPhone
		Debug|iPhoneSimulator = Debug|iPhoneSimulator
		Debug|Mixed Platforms = Debug|Mixed Platforms
		Debug|x86 = Debug|x86
		Release|Any CPU = Release|Any CPU
		Release|ARM = Release|ARM
		Release|iPhone = Release|iPhone
		Release|iPhoneSimulator = Release|iPhoneSimulator
		Release|Mixed Platforms = Release|Mixed Platforms
		Release|x86 = Release|x86
	EndGlobalSection
	GlobalSection(ProjectConfigurationPlatforms) = postSolution
		{7C9A750C-622C-47B0-B697-666B8BEF65B5}.Ad-Hoc|Any CPU.ActiveCfg = Release|Any CPU
		{7C9A750C-622C-47B0-B697-666B8BEF65B5}.Ad-Hoc|Any CPU.Build.0 = Release|Any CPU
		{7C9A750C-622C-47B0-B697-666B8BEF65B5}.Ad-Hoc|ARM.ActiveCfg = Release|Any CPU
		{7C9A750C-622C-47B0-B697-666B8BEF65B5}.Ad-Hoc|iPhone.ActiveCfg = Release|Any CPU
		{7C9A750C-622C-47B0-B697-666B8BEF65B5}.Ad-Hoc|iPhoneSimulator.ActiveCfg = Release|Any CPU
		{7C9A750C-622C-47B0-B697-666B8BEF65B5}.Ad-Hoc|Mixed Platforms.ActiveCfg = Release|Any CPU
		{7C9A750C-622C-47B0-B697-666B8BEF65B5}.Ad-Hoc|Mixed Platforms.Build.0 = Release|Any CPU
		{7C9A750C-622C-47B0-B697-666B8BEF65B5}.Ad-Hoc|x86.ActiveCfg = Release|Any CPU
		{7C9A750C-622C-47B0-B697-666B8BEF65B5}.AppStore|Any CPU.ActiveCfg = Release|Any CPU
		{7C9A750C-622C-47B0-B697-666B8BEF65B5}.AppStore|Any CPU.Build.0 = Release|Any CPU
		{7C9A750C-622C-47B0-B697-666B8BEF65B5}.AppStore|ARM.ActiveCfg = Release|Any CPU
		{7C9A750C-622C-47B0-B697-666B8BEF65B5}.AppStore|iPhone.ActiveCfg = Release|Any CPU
		{7C9A750C-622C-47B0-B697-666B8BEF65B5}.AppStore|iPhoneSimulator.ActiveCfg = Release|Any CPU
		{7C9A750C-622C-47B0-B697-666B8BEF65B5}.AppStore|Mixed Platforms.ActiveCfg = Release|Any CPU
		{7C9A750C-622C-47B0-B697-666B8BEF65B5}.AppStore|Mixed Platforms.Build.0 = Release|Any CPU
		{7C9A750C-622C-47B0-B697-666B8BEF65B5}.AppStore|x86.ActiveCfg = Release|Any CPU
		{7C9A750C-622C-47B0-B697-666B8BEF65B5}.Debug|Any CPU.ActiveCfg = Debug|Any CPU
		{7C9A750C-622C-47B0-B697-666B8BEF65B5}.Debug|Any CPU.Build.0 = Debug|Any CPU
		{7C9A750C-622C-47B0-B697-666B8BEF65B5}.Debug|ARM.ActiveCfg = Debug|Any CPU
		{7C9A750C-622C-47B0-B697-666B8BEF65B5}.Debug|iPhone.ActiveCfg = Debug|Any CPU
		{7C9A750C-622C-47B0-B697-666B8BEF65B5}.Debug|iPhoneSimulator.ActiveCfg = Debug|Any CPU
		{7C9A750C-622C-47B0-B697-666B8BEF65B5}.Debug|Mixed Platforms.ActiveCfg = Debug|Any CPU
		{7C9A750C-622C-47B0-B697-666B8BEF65B5}.Debug|Mixed Platforms.Build.0 = Debug|Any CPU
		{7C9A750C-622C-47B0-B697-666B8BEF65B5}.Debug|x86.ActiveCfg = Debug|Any CPU
		{7C9A750C-622C-47B0-B697-666B8BEF65B5}.Release|Any CPU.ActiveCfg = Release|Any CPU
		{7C9A750C-622C-47B0-B697-666B8BEF65B5}.Release|Any CPU.Build.0 = Release|Any CPU
		{7C9A750C-622C-47B0-B697-666B8BEF65B5}.Release|ARM.ActiveCfg = Release|Any CPU
		{7C9A750C-622C-47B0-B697-666B8BEF65B5}.Release|iPhone.ActiveCfg = Release|Any CPU
		{7C9A750C-622C-47B0-B697-666B8BEF65B5}.Release|iPhoneSimulator.ActiveCfg = Release|Any CPU
		{7C9A750C-622C-47B0-B697-666B8BEF65B5}.Release|Mixed Platforms.ActiveCfg = Release|Any CPU
		{7C9A750C-622C-47B0-B697-666B8BEF65B5}.Release|Mixed Platforms.Build.0 = Release|Any CPU
		{7C9A750C-622C-47B0-B697-666B8BEF65B5}.Release|x86.ActiveCfg = Release|Any CPU
		{C70CE4D0-91EE-419D-926C-D72BB3F7AA32}.Ad-Hoc|Any CPU.ActiveCfg = Ad-Hoc|iPhone
		{C70CE4D0-91EE-419D-926C-D72BB3F7AA32}.Ad-Hoc|ARM.ActiveCfg = Ad-Hoc|iPhone
		{C70CE4D0-91EE-419D-926C-D72BB3F7AA32}.Ad-Hoc|iPhone.ActiveCfg = Ad-Hoc|iPhone
		{C70CE4D0-91EE-419D-926C-D72BB3F7AA32}.Ad-Hoc|iPhone.Build.0 = Ad-Hoc|iPhone
		{C70CE4D0-91EE-419D-926C-D72BB3F7AA32}.Ad-Hoc|iPhoneSimulator.ActiveCfg = Ad-Hoc|iPhoneSimulator
		{C70CE4D0-91EE-419D-926C-D72BB3F7AA32}.Ad-Hoc|iPhoneSimulator.Build.0 = Ad-Hoc|iPhoneSimulator
		{C70CE4D0-91EE-419D-926C-D72BB3F7AA32}.Ad-Hoc|Mixed Platforms.ActiveCfg = Ad-Hoc|iPhone
		{C70CE4D0-91EE-419D-926C-D72BB3F7AA32}.Ad-Hoc|Mixed Platforms.Build.0 = Ad-Hoc|iPhone
		{C70CE4D0-91EE-419D-926C-D72BB3F7AA32}.Ad-Hoc|x86.ActiveCfg = Ad-Hoc|iPhone
		{C70CE4D0-91EE-419D-926C-D72BB3F7AA32}.AppStore|Any CPU.ActiveCfg = AppStore|iPhone
		{C70CE4D0-91EE-419D-926C-D72BB3F7AA32}.AppStore|ARM.ActiveCfg = AppStore|iPhone
		{C70CE4D0-91EE-419D-926C-D72BB3F7AA32}.AppStore|iPhone.ActiveCfg = AppStore|iPhone
		{C70CE4D0-91EE-419D-926C-D72BB3F7AA32}.AppStore|iPhone.Build.0 = AppStore|iPhone
		{C70CE4D0-91EE-419D-926C-D72BB3F7AA32}.AppStore|iPhoneSimulator.ActiveCfg = AppStore|iPhoneSimulator
		{C70CE4D0-91EE-419D-926C-D72BB3F7AA32}.AppStore|iPhoneSimulator.Build.0 = AppStore|iPhoneSimulator
		{C70CE4D0-91EE-419D-926C-D72BB3F7AA32}.AppStore|Mixed Platforms.ActiveCfg = AppStore|iPhone
		{C70CE4D0-91EE-419D-926C-D72BB3F7AA32}.AppStore|Mixed Platforms.Build.0 = AppStore|iPhone
		{C70CE4D0-91EE-419D-926C-D72BB3F7AA32}.AppStore|x86.ActiveCfg = AppStore|iPhone
		{C70CE4D0-91EE-419D-926C-D72BB3F7AA32}.Debug|Any CPU.ActiveCfg = Debug|iPhone
		{C70CE4D0-91EE-419D-926C-D72BB3F7AA32}.Debug|ARM.ActiveCfg = Debug|iPhone
		{C70CE4D0-91EE-419D-926C-D72BB3F7AA32}.Debug|iPhone.ActiveCfg = Debug|iPhone
		{C70CE4D0-91EE-419D-926C-D72BB3F7AA32}.Debug|iPhone.Build.0 = Debug|iPhone
		{C70CE4D0-91EE-419D-926C-D72BB3F7AA32}.Debug|iPhoneSimulator.ActiveCfg = Debug|iPhoneSimulator
		{C70CE4D0-91EE-419D-926C-D72BB3F7AA32}.Debug|iPhoneSimulator.Build.0 = Debug|iPhoneSimulator
		{C70CE4D0-91EE-419D-926C-D72BB3F7AA32}.Debug|Mixed Platforms.ActiveCfg = Debug|iPhone
		{C70CE4D0-91EE-419D-926C-D72BB3F7AA32}.Debug|Mixed Platforms.Build.0 = Debug|iPhone
		{C70CE4D0-91EE-419D-926C-D72BB3F7AA32}.Debug|x86.ActiveCfg = Debug|iPhone
		{C70CE4D0-91EE-419D-926C-D72BB3F7AA32}.Release|Any CPU.ActiveCfg = Release|iPhone
		{C70CE4D0-91EE-419D-926C-D72BB3F7AA32}.Release|ARM.ActiveCfg = Release|iPhone
		{C70CE4D0-91EE-419D-926C-D72BB3F7AA32}.Release|iPhone.ActiveCfg = Release|iPhone
		{C70CE4D0-91EE-419D-926C-D72BB3F7AA32}.Release|iPhone.Build.0 = Release|iPhone
		{C70CE4D0-91EE-419D-926C-D72BB3F7AA32}.Release|iPhoneSimulator.ActiveCfg = Release|iPhoneSimulator
		{C70CE4D0-91EE-419D-926C-D72BB3F7AA32}.Release|iPhoneSimulator.Build.0 = Release|iPhoneSimulator
		{C70CE4D0-91EE-419D-926C-D72BB3F7AA32}.Release|Mixed Platforms.ActiveCfg = Release|iPhone
		{C70CE4D0-91EE-419D-926C-D72BB3F7AA32}.Release|Mixed Platforms.Build.0 = Release|iPhone
		{C70CE4D0-91EE-419D-926C-D72BB3F7AA32}.Release|x86.ActiveCfg = Release|iPhone
		{E29F382C-19C2-4549-A4C0-5B8A222C12D2}.Ad-Hoc|Any CPU.ActiveCfg = Release|Any CPU
		{E29F382C-19C2-4549-A4C0-5B8A222C12D2}.Ad-Hoc|Any CPU.Build.0 = Release|Any CPU
		{E29F382C-19C2-4549-A4C0-5B8A222C12D2}.Ad-Hoc|Any CPU.Deploy.0 = Release|Any CPU
		{E29F382C-19C2-4549-A4C0-5B8A222C12D2}.Ad-Hoc|ARM.ActiveCfg = Release|Any CPU
		{E29F382C-19C2-4549-A4C0-5B8A222C12D2}.Ad-Hoc|iPhone.ActiveCfg = Release|Any CPU
		{E29F382C-19C2-4549-A4C0-5B8A222C12D2}.Ad-Hoc|iPhoneSimulator.ActiveCfg = Release|Any CPU
		{E29F382C-19C2-4549-A4C0-5B8A222C12D2}.Ad-Hoc|Mixed Platforms.ActiveCfg = Release|Any CPU
		{E29F382C-19C2-4549-A4C0-5B8A222C12D2}.Ad-Hoc|Mixed Platforms.Build.0 = Release|Any CPU
		{E29F382C-19C2-4549-A4C0-5B8A222C12D2}.Ad-Hoc|Mixed Platforms.Deploy.0 = Release|Any CPU
		{E29F382C-19C2-4549-A4C0-5B8A222C12D2}.Ad-Hoc|x86.ActiveCfg = Release|Any CPU
		{E29F382C-19C2-4549-A4C0-5B8A222C12D2}.AppStore|Any CPU.ActiveCfg = Release|Any CPU
		{E29F382C-19C2-4549-A4C0-5B8A222C12D2}.AppStore|Any CPU.Build.0 = Release|Any CPU
		{E29F382C-19C2-4549-A4C0-5B8A222C12D2}.AppStore|Any CPU.Deploy.0 = Release|Any CPU
		{E29F382C-19C2-4549-A4C0-5B8A222C12D2}.AppStore|ARM.ActiveCfg = Release|Any CPU
		{E29F382C-19C2-4549-A4C0-5B8A222C12D2}.AppStore|iPhone.ActiveCfg = Release|Any CPU
		{E29F382C-19C2-4549-A4C0-5B8A222C12D2}.AppStore|iPhoneSimulator.ActiveCfg = Release|Any CPU
		{E29F382C-19C2-4549-A4C0-5B8A222C12D2}.AppStore|Mixed Platforms.ActiveCfg = Release|Any CPU
		{E29F382C-19C2-4549-A4C0-5B8A222C12D2}.AppStore|Mixed Platforms.Build.0 = Release|Any CPU
		{E29F382C-19C2-4549-A4C0-5B8A222C12D2}.AppStore|Mixed Platforms.Deploy.0 = Release|Any CPU
		{E29F382C-19C2-4549-A4C0-5B8A222C12D2}.AppStore|x86.ActiveCfg = Release|Any CPU
		{E29F382C-19C2-4549-A4C0-5B8A222C12D2}.Debug|Any CPU.ActiveCfg = Debug|Any CPU
		{E29F382C-19C2-4549-A4C0-5B8A222C12D2}.Debug|Any CPU.Build.0 = Debug|Any CPU
		{E29F382C-19C2-4549-A4C0-5B8A222C12D2}.Debug|Any CPU.Deploy.0 = Debug|Any CPU
		{E29F382C-19C2-4549-A4C0-5B8A222C12D2}.Debug|ARM.ActiveCfg = Debug|Any CPU
		{E29F382C-19C2-4549-A4C0-5B8A222C12D2}.Debug|iPhone.ActiveCfg = Debug|Any CPU
		{E29F382C-19C2-4549-A4C0-5B8A222C12D2}.Debug|iPhoneSimulator.ActiveCfg = Debug|Any CPU
		{E29F382C-19C2-4549-A4C0-5B8A222C12D2}.Debug|Mixed Platforms.ActiveCfg = Debug|Any CPU
		{E29F382C-19C2-4549-A4C0-5B8A222C12D2}.Debug|Mixed Platforms.Build.0 = Debug|Any CPU
		{E29F382C-19C2-4549-A4C0-5B8A222C12D2}.Debug|Mixed Platforms.Deploy.0 = Debug|Any CPU
		{E29F382C-19C2-4549-A4C0-5B8A222C12D2}.Debug|x86.ActiveCfg = Debug|Any CPU
		{E29F382C-19C2-4549-A4C0-5B8A222C12D2}.Release|Any CPU.ActiveCfg = Release|Any CPU
		{E29F382C-19C2-4549-A4C0-5B8A222C12D2}.Release|Any CPU.Build.0 = Release|Any CPU
		{E29F382C-19C2-4549-A4C0-5B8A222C12D2}.Release|Any CPU.Deploy.0 = Release|Any CPU
		{E29F382C-19C2-4549-A4C0-5B8A222C12D2}.Release|ARM.ActiveCfg = Release|Any CPU
		{E29F382C-19C2-4549-A4C0-5B8A222C12D2}.Release|iPhone.ActiveCfg = Release|Any CPU
		{E29F382C-19C2-4549-A4C0-5B8A222C12D2}.Release|iPhoneSimulator.ActiveCfg = Release|Any CPU
		{E29F382C-19C2-4549-A4C0-5B8A222C12D2}.Release|Mixed Platforms.ActiveCfg = Release|Any CPU
		{E29F382C-19C2-4549-A4C0-5B8A222C12D2}.Release|Mixed Platforms.Build.0 = Release|Any CPU
		{E29F382C-19C2-4549-A4C0-5B8A222C12D2}.Release|Mixed Platforms.Deploy.0 = Release|Any CPU
		{E29F382C-19C2-4549-A4C0-5B8A222C12D2}.Release|x86.ActiveCfg = Release|Any CPU
		{2E8E8286-70E6-40D0-95D1-AE71A84D105D}.Ad-Hoc|Any CPU.ActiveCfg = Release|Any CPU
		{2E8E8286-70E6-40D0-95D1-AE71A84D105D}.Ad-Hoc|Any CPU.Build.0 = Release|Any CPU
		{2E8E8286-70E6-40D0-95D1-AE71A84D105D}.Ad-Hoc|Any CPU.Deploy.0 = Release|Any CPU
		{2E8E8286-70E6-40D0-95D1-AE71A84D105D}.Ad-Hoc|ARM.ActiveCfg = Release|ARM
		{2E8E8286-70E6-40D0-95D1-AE71A84D105D}.Ad-Hoc|ARM.Build.0 = Release|ARM
		{2E8E8286-70E6-40D0-95D1-AE71A84D105D}.Ad-Hoc|ARM.Deploy.0 = Release|ARM
		{2E8E8286-70E6-40D0-95D1-AE71A84D105D}.Ad-Hoc|iPhone.ActiveCfg = Release|Any CPU
		{2E8E8286-70E6-40D0-95D1-AE71A84D105D}.Ad-Hoc|iPhoneSimulator.ActiveCfg = Release|Any CPU
		{2E8E8286-70E6-40D0-95D1-AE71A84D105D}.Ad-Hoc|Mixed Platforms.ActiveCfg = Release|x86
		{2E8E8286-70E6-40D0-95D1-AE71A84D105D}.Ad-Hoc|Mixed Platforms.Build.0 = Release|x86
		{2E8E8286-70E6-40D0-95D1-AE71A84D105D}.Ad-Hoc|Mixed Platforms.Deploy.0 = Release|x86
		{2E8E8286-70E6-40D0-95D1-AE71A84D105D}.Ad-Hoc|x86.ActiveCfg = Release|x86
		{2E8E8286-70E6-40D0-95D1-AE71A84D105D}.Ad-Hoc|x86.Build.0 = Release|x86
		{2E8E8286-70E6-40D0-95D1-AE71A84D105D}.Ad-Hoc|x86.Deploy.0 = Release|x86
		{2E8E8286-70E6-40D0-95D1-AE71A84D105D}.AppStore|Any CPU.ActiveCfg = Release|Any CPU
		{2E8E8286-70E6-40D0-95D1-AE71A84D105D}.AppStore|Any CPU.Build.0 = Release|Any CPU
		{2E8E8286-70E6-40D0-95D1-AE71A84D105D}.AppStore|Any CPU.Deploy.0 = Release|Any CPU
		{2E8E8286-70E6-40D0-95D1-AE71A84D105D}.AppStore|ARM.ActiveCfg = Release|ARM
		{2E8E8286-70E6-40D0-95D1-AE71A84D105D}.AppStore|ARM.Build.0 = Release|ARM
		{2E8E8286-70E6-40D0-95D1-AE71A84D105D}.AppStore|ARM.Deploy.0 = Release|ARM
		{2E8E8286-70E6-40D0-95D1-AE71A84D105D}.AppStore|iPhone.ActiveCfg = Release|Any CPU
		{2E8E8286-70E6-40D0-95D1-AE71A84D105D}.AppStore|iPhoneSimulator.ActiveCfg = Release|Any CPU
		{2E8E8286-70E6-40D0-95D1-AE71A84D105D}.AppStore|Mixed Platforms.ActiveCfg = Release|x86
		{2E8E8286-70E6-40D0-95D1-AE71A84D105D}.AppStore|Mixed Platforms.Build.0 = Release|x86
		{2E8E8286-70E6-40D0-95D1-AE71A84D105D}.AppStore|Mixed Platforms.Deploy.0 = Release|x86
		{2E8E8286-70E6-40D0-95D1-AE71A84D105D}.AppStore|x86.ActiveCfg = Release|x86
		{2E8E8286-70E6-40D0-95D1-AE71A84D105D}.AppStore|x86.Build.0 = Release|x86
		{2E8E8286-70E6-40D0-95D1-AE71A84D105D}.AppStore|x86.Deploy.0 = Release|x86
		{2E8E8286-70E6-40D0-95D1-AE71A84D105D}.Debug|Any CPU.ActiveCfg = Debug|Any CPU
		{2E8E8286-70E6-40D0-95D1-AE71A84D105D}.Debug|Any CPU.Build.0 = Debug|Any CPU
		{2E8E8286-70E6-40D0-95D1-AE71A84D105D}.Debug|Any CPU.Deploy.0 = Debug|Any CPU
		{2E8E8286-70E6-40D0-95D1-AE71A84D105D}.Debug|ARM.ActiveCfg = Debug|ARM
		{2E8E8286-70E6-40D0-95D1-AE71A84D105D}.Debug|ARM.Build.0 = Debug|ARM
		{2E8E8286-70E6-40D0-95D1-AE71A84D105D}.Debug|ARM.Deploy.0 = Debug|ARM
		{2E8E8286-70E6-40D0-95D1-AE71A84D105D}.Debug|iPhone.ActiveCfg = Debug|Any CPU
		{2E8E8286-70E6-40D0-95D1-AE71A84D105D}.Debug|iPhoneSimulator.ActiveCfg = Debug|Any CPU
		{2E8E8286-70E6-40D0-95D1-AE71A84D105D}.Debug|Mixed Platforms.ActiveCfg = Debug|x86
		{2E8E8286-70E6-40D0-95D1-AE71A84D105D}.Debug|Mixed Platforms.Build.0 = Debug|x86
		{2E8E8286-70E6-40D0-95D1-AE71A84D105D}.Debug|Mixed Platforms.Deploy.0 = Debug|x86
		{2E8E8286-70E6-40D0-95D1-AE71A84D105D}.Debug|x86.ActiveCfg = Debug|x86
		{2E8E8286-70E6-40D0-95D1-AE71A84D105D}.Debug|x86.Build.0 = Debug|x86
		{2E8E8286-70E6-40D0-95D1-AE71A84D105D}.Debug|x86.Deploy.0 = Debug|x86
		{2E8E8286-70E6-40D0-95D1-AE71A84D105D}.Release|Any CPU.ActiveCfg = Release|Any CPU
		{2E8E8286-70E6-40D0-95D1-AE71A84D105D}.Release|Any CPU.Build.0 = Release|Any CPU
		{2E8E8286-70E6-40D0-95D1-AE71A84D105D}.Release|Any CPU.Deploy.0 = Release|Any CPU
		{2E8E8286-70E6-40D0-95D1-AE71A84D105D}.Release|ARM.ActiveCfg = Release|ARM
		{2E8E8286-70E6-40D0-95D1-AE71A84D105D}.Release|ARM.Build.0 = Release|ARM
		{2E8E8286-70E6-40D0-95D1-AE71A84D105D}.Release|ARM.Deploy.0 = Release|ARM
		{2E8E8286-70E6-40D0-95D1-AE71A84D105D}.Release|iPhone.ActiveCfg = Release|Any CPU
		{2E8E8286-70E6-40D0-95D1-AE71A84D105D}.Release|iPhoneSimulator.ActiveCfg = Release|Any CPU
		{2E8E8286-70E6-40D0-95D1-AE71A84D105D}.Release|Mixed Platforms.ActiveCfg = Release|x86
		{2E8E8286-70E6-40D0-95D1-AE71A84D105D}.Release|Mixed Platforms.Build.0 = Release|x86
		{2E8E8286-70E6-40D0-95D1-AE71A84D105D}.Release|Mixed Platforms.Deploy.0 = Release|x86
		{2E8E8286-70E6-40D0-95D1-AE71A84D105D}.Release|x86.ActiveCfg = Release|x86
		{2E8E8286-70E6-40D0-95D1-AE71A84D105D}.Release|x86.Build.0 = Release|x86
		{2E8E8286-70E6-40D0-95D1-AE71A84D105D}.Release|x86.Deploy.0 = Release|x86
	EndGlobalSection
	GlobalSection(SolutionProperties) = preSolution
		HideSolutionNode = FALSE
	EndGlobalSection
EndGlobal
